
Microsoft Visual Studio Solution File, Format Version 12.00
# Visual Studio 15
VisualStudioVersion = 15.0.28010.2041
MinimumVisualStudioVersion = 10.0.40219.1
Project("{FAE04EC0-301F-11D3-BF4B-00C04F79EFBC}") = "Invoicing", "Invoicing\Invoicing.csproj", "{5009478A-9F67-4B80-9E97-BD73787DB250}"
EndProject
Global
	GlobalSection(SolutionConfigurationPlatforms) = preSolution
		Debug|Any CPU = Debug|Any CPU
		Release|Any CPU = Release|Any CPU
	EndGlobalSection
	GlobalSection(ProjectConfigurationPlatforms) = postSolution
		{5009478A-9F67-4B80-9E97-BD73787DB250}.Debug|Any CPU.ActiveCfg = Debug|Any CPU
		{5009478A-9F67-4B80-9E97-BD73787DB250}.Debug|Any CPU.Build.0 = Debug|Any CPU
		{5009478A-9F67-4B80-9E97-BD73787DB250}.Release|Any CPU.ActiveCfg = Release|Any CPU
		{5009478A-9F67-4B80-9E97-BD73787DB250}.Release|Any CPU.Build.0 = Release|Any CPU
	EndGlobalSection
	GlobalSection(SolutionProperties) = preSolution
		HideSolutionNode = FALSE
	EndGlobalSection
	GlobalSection(ExtensibilityGlobals) = postSolution
		SolutionGuid = {487BA0B3-BB22-49B2-AA33-485192313D0C}
	EndGlobalSection
EndGlobal
