
Microsoft Visual Studio Solution File, Format Version 12.00
# Visual Studio 15
VisualStudioVersion = 15.0.28010.2041
MinimumVisualStudioVersion = 10.0.40219.1
Project("{FAE04EC0-301F-11D3-BF4B-00C04F79EFBC}") = "euler-problem-six", "euler-problem-six\euler-problem-six.csproj", "{0219D407-7D76-4CA1-9742-C0D5200A4F50}"
EndProject
Global
	GlobalSection(SolutionConfigurationPlatforms) = preSolution
		Debug|Any CPU = Debug|Any CPU
		Release|Any CPU = Release|Any CPU
	EndGlobalSection
	GlobalSection(ProjectConfigurationPlatforms) = postSolution
		{0219D407-7D76-4CA1-9742-C0D5200A4F50}.Debug|Any CPU.ActiveCfg = Debug|Any CPU
		{0219D407-7D76-4CA1-9742-C0D5200A4F50}.Debug|Any CPU.Build.0 = Debug|Any CPU
		{0219D407-7D76-4CA1-9742-C0D5200A4F50}.Release|Any CPU.ActiveCfg = Release|Any CPU
		{0219D407-7D76-4CA1-9742-C0D5200A4F50}.Release|Any CPU.Build.0 = Release|Any CPU
	EndGlobalSection
	GlobalSection(SolutionProperties) = preSolution
		HideSolutionNode = FALSE
	EndGlobalSection
	GlobalSection(ExtensibilityGlobals) = postSolution
		SolutionGuid = {5D0E0988-515B-4874-B2BE-3398E0B74915}
	EndGlobalSection
EndGlobal
